schema: '2.0'
stages:
  prepare:
    cmd: python src/prepare.py
    deps:
    - path: src/prepare.py
      hash: md5
      md5: a6b828fd35496f64635127cd8257a5ef
      size: 805
    outs:
    - path: data/raw
      hash: md5
      md5: 23b0000338669d2c61217dbd94633aa0.dir
      size: 54950512
      nfiles: 4
  preprocess:
    cmd: python src/preprocess.py
    deps:
    - path: data/raw
      hash: md5
      md5: 23b0000338669d2c61217dbd94633aa0.dir
      size: 54950512
      nfiles: 4
    - path: src/preprocess.py
      hash: md5
      md5: 3267fee35c3cdcee78bed66ff97b4013
      size: 1553
    params:
      params.yaml:
        preprocess.seed: 42
        preprocess.test_size: 0.1
    outs:
    - path: data/processed
      hash: md5
      md5: 19e07b0684b365c7732232348a6d2257.dir
      size: 219590768
      nfiles: 6
  train:
    cmd: python src/train.py
    deps:
    - path: data/processed
      hash: md5
      md5: 12be1216b23b003beee7cc6125a0222b.dir
      size: 219590768
      nfiles: 6
    - path: src/train.py
      hash: md5
      md5: 25810ed32807624e04ed5774bd1eea7a
      size: 1710
    params:
      params.yaml:
        train.batch_size: 32
        train.dense_units: 256
        train.dropout_rate: 0.2
        train.epochs: 10
        train.learning_rate: 0.001
        train.seed: 42
    outs:
    - path: models
      hash: md5
      md5: 90fa98023a8fd2a4bd9adea67399530b.dir
      size: 2467752
      nfiles: 2
  evaluate:
    cmd: python src/evaluate.py
    deps:
    - path: data/processed/x_test.npy
      hash: md5
      md5: b2ec522e81e966822712b8ecf0af1412
      size: 31360128
    - path: data/processed/y_test.npy
      hash: md5
      md5: e6d24ffff98bc973b3c14df1b4a56631
      size: 10128
    - path: models/model.h5
      hash: md5
      md5: 074f1a0cc4ade6c7c64dd7fa542f1f9e
      size: 2466904
    - path: src/evaluate.py
      hash: md5
      md5: 860691e467f0dd6bbfb85ced5bbc8986
      size: 1341
    outs:
    - path: confusion_matrix.png
      hash: md5
      md5: 76ac57c47178d64c44ef63868b628a3d
      size: 96051
    - path: metrics.json
      hash: md5
      md5: f9937109901b59550eb3eaaa29b5dc37
      size: 80
